
Microsoft Visual Studio Solution File, Format Version 12.00
# Visual Studio Version 17
VisualStudioVersion = 17.0.31903.59
MinimumVisualStudioVersion = 10.0.40219.1
Project("{888888A0-9F3D-457C-B088-3A5042F75D52}") = "LacoComForEBreak", "LacoComForEBreak.pyproj", "{24DB57C0-F8ED-4931-AFD0-51DBECC23547}"
EndProject
Global
	GlobalSection(SolutionConfigurationPlatforms) = preSolution
		Debug|Any CPU = Debug|Any CPU
		Release|Any CPU = Release|Any CPU
	EndGlobalSection
	GlobalSection(ProjectConfigurationPlatforms) = postSolution
		{24DB57C0-F8ED-4931-AFD0-51DBECC23547}.Debug|Any CPU.ActiveCfg = Debug|Any CPU
		{24DB57C0-F8ED-4931-AFD0-51DBECC23547}.Release|Any CPU.ActiveCfg = Release|Any CPU
	EndGlobalSection
	GlobalSection(SolutionProperties) = preSolution
		HideSolutionNode = FALSE
	EndGlobalSection
	GlobalSection(ExtensibilityGlobals) = postSolution
		SolutionGuid = {A7FC877A-70D6-4E26-994E-BE4F3962BB60}
	EndGlobalSection
EndGlobal
